// !$*UTF8*$!
{
	archiveVersion = 1;
	classes = {
	};
	objectVersion = 50;
	objects = {

/* Begin PBXBuildFile section */
		061AA41C243F7FD900293BAE /* AppDelegate.swift in Sources */ = {isa = PBXBuildFile; fileRef = 061AA41B243F7FD900293BAE /* AppDelegate.swift */; };
		061AA41E243F7FD900293BAE /* art.scnassets in Resources */ = {isa = PBXBuildFile; fileRef = 061AA41D243F7FD900293BAE /* art.scnassets */; };
		061AA420243F7FD900293BAE /* ViewController.swift in Sources */ = {isa = PBXBuildFile; fileRef = 061AA41F243F7FD900293BAE /* ViewController.swift */; };
		061AA423243F7FD900293BAE /* Main.storyboard in Resources */ = {isa = PBXBuildFile; fileRef = 061AA421243F7FD900293BAE /* Main.storyboard */; };
		061AA425243F7FDA00293BAE /* Assets.xcassets in Resources */ = {isa = PBXBuildFile; fileRef = 061AA424243F7FDA00293BAE /* Assets.xcassets */; };
		061AA428243F7FDA00293BAE /* LaunchScreen.storyboard in Resources */ = {isa = PBXBuildFile; fileRef = 061AA426243F7FDA00293BAE /* LaunchScreen.storyboard */; };
		061AA433243F7FDA00293BAE /* testARTests.swift in Sources */ = {isa = PBXBuildFile; fileRef = 061AA432243F7FDA00293BAE /* testARTests.swift */; };
		0684CB0224435A9700835F03 /* ARViewController.swift in Sources */ = {isa = PBXBuildFile; fileRef = 0684CB0124435A9700835F03 /* ARViewController.swift */; };
		0684CB0624446B8000835F03 /* README.md in Resources */ = {isa = PBXBuildFile; fileRef = 0684CB0524446B8000835F03 /* README.md */; };
		06BDA3D42449DC76000B8CEF /* Colors.swift in Sources */ = {isa = PBXBuildFile; fileRef = 06BDA3D32449DC76000B8CEF /* Colors.swift */; };
		06BDA3D62449F09F000B8CEF /* Tricks.swift in Sources */ = {isa = PBXBuildFile; fileRef = 06BDA3D52449F09F000B8CEF /* Tricks.swift */; };
/* End PBXBuildFile section */

/* Begin PBXContainerItemProxy section */
		061AA42F243F7FDA00293BAE /* PBXContainerItemProxy */ = {
			isa = PBXContainerItemProxy;
			containerPortal = 061AA410243F7FD900293BAE /* Project object */;
			proxyType = 1;
			remoteGlobalIDString = 061AA417243F7FD900293BAE;
			remoteInfo = testAR;
		};
/* End PBXContainerItemProxy section */

/* Begin PBXFileReference section */
		061AA418243F7FD900293BAE /* testAR.app */ = {isa = PBXFileReference; explicitFileType = wrapper.application; includeInIndex = 0; path = testAR.app; sourceTree = BUILT_PRODUCTS_DIR; };
		061AA41B243F7FD900293BAE /* AppDelegate.swift */ = {isa = PBXFileReference; lastKnownFileType = sourcecode.swift; path = AppDelegate.swift; sourceTree = "<group>"; };
		061AA41D243F7FD900293BAE /* art.scnassets */ = {isa = PBXFileReference; lastKnownFileType = wrapper.scnassets; path = art.scnassets; sourceTree = "<group>"; };
		061AA41F243F7FD900293BAE /* ViewController.swift */ = {isa = PBXFileReference; lastKnownFileType = sourcecode.swift; path = ViewController.swift; sourceTree = "<group>"; };
		061AA422243F7FD900293BAE /* Base */ = {isa = PBXFileReference; lastKnownFileType = file.storyboard; name = Base; path = Base.lproj/Main.storyboard; sourceTree = "<group>"; };
		061AA424243F7FDA00293BAE /* Assets.xcassets */ = {isa = PBXFileReference; lastKnownFileType = folder.assetcatalog; path = Assets.xcassets; sourceTree = "<group>"; };
		061AA427243F7FDA00293BAE /* Base */ = {isa = PBXFileReference; lastKnownFileType = file.storyboard; name = Base; path = Base.lproj/LaunchScreen.storyboard; sourceTree = "<group>"; };
		061AA429243F7FDA00293BAE /* Info.plist */ = {isa = PBXFileReference; lastKnownFileType = text.plist.xml; path = Info.plist; sourceTree = "<group>"; };
		061AA42E243F7FDA00293BAE /* testARTests.xctest */ = {isa = PBXFileReference; explicitFileType = wrapper.cfbundle; includeInIndex = 0; path = testARTests.xctest; sourceTree = BUILT_PRODUCTS_DIR; };
		061AA432243F7FDA00293BAE /* testARTests.swift */ = {isa = PBXFileReference; lastKnownFileType = sourcecode.swift; path = testARTests.swift; sourceTree = "<group>"; };
		061AA434243F7FDA00293BAE /* Info.plist */ = {isa = PBXFileReference; lastKnownFileType = text.plist.xml; path = Info.plist; sourceTree = "<group>"; };
		0684CB0124435A9700835F03 /* ARViewController.swift */ = {isa = PBXFileReference; lastKnownFileType = sourcecode.swift; path = ARViewController.swift; sourceTree = "<group>"; };
		0684CB0524446B8000835F03 /* README.md */ = {isa = PBXFileReference; lastKnownFileType = net.daringfireball.markdown; path = README.md; sourceTree = "<group>"; };
		06BDA3D32449DC76000B8CEF /* Colors.swift */ = {isa = PBXFileReference; lastKnownFileType = sourcecode.swift; path = Colors.swift; sourceTree = "<group>"; };
		06BDA3D52449F09F000B8CEF /* Tricks.swift */ = {isa = PBXFileReference; lastKnownFileType = sourcecode.swift; path = Tricks.swift; sourceTree = "<group>"; };
/* End PBXFileReference section */

/* Begin PBXFrameworksBuildPhase section */
		061AA415243F7FD900293BAE /* Frameworks */ = {
			isa = PBXFrameworksBuildPhase;
			buildActionMask = 2147483647;
			files = (
			);
			runOnlyForDeploymentPostprocessing = 0;
		};
		061AA42B243F7FDA00293BAE /* Frameworks */ = {
			isa = PBXFrameworksBuildPhase;
			buildActionMask = 2147483647;
			files = (
			);
			runOnlyForDeploymentPostprocessing = 0;
		};
/* End PBXFrameworksBuildPhase section */

/* Begin PBXGroup section */
		061AA40F243F7FD900293BAE = {
			isa = PBXGroup;
			children = (
				0684CB0524446B8000835F03 /* README.md */,
				061AA41A243F7FD900293BAE /* testAR */,
				061AA431243F7FDA00293BAE /* testARTests */,
				061AA419243F7FD900293BAE /* Products */,
			);
			sourceTree = "<group>";
		};
		061AA419243F7FD900293BAE /* Products */ = {
			isa = PBXGroup;
			children = (
				061AA418243F7FD900293BAE /* testAR.app */,
				061AA42E243F7FDA00293BAE /* testARTests.xctest */,
			);
			name = Products;
			sourceTree = "<group>";
		};
		061AA41A243F7FD900293BAE /* testAR */ = {
			isa = PBXGroup;
			children = (
				061AA41B243F7FD900293BAE /* AppDelegate.swift */,
				061AA41D243F7FD900293BAE /* art.scnassets */,
				061AA41F243F7FD900293BAE /* ViewController.swift */,
				061AA421243F7FD900293BAE /* Main.storyboard */,
				061AA424243F7FDA00293BAE /* Assets.xcassets */,
				061AA426243F7FDA00293BAE /* LaunchScreen.storyboard */,
				061AA429243F7FDA00293BAE /* Info.plist */,
				0684CB0124435A9700835F03 /* ARViewController.swift */,
				06BDA3D32449DC76000B8CEF /* Colors.swift */,
				06BDA3D52449F09F000B8CEF /* Tricks.swift */,
			);
			path = testAR;
			sourceTree = "<group>";
		};
		061AA431243F7FDA00293BAE /* testARTests */ = {
			isa = PBXGroup;
			children = (
				061AA432243F7FDA00293BAE /* testARTests.swift */,
				061AA434243F7FDA00293BAE /* Info.plist */,
			);
			path = testARTests;
			sourceTree = "<group>";
		};
/* End PBXGroup section */

/* Begin PBXNativeTarget section */
		061AA417243F7FD900293BAE /* testAR */ = {
			isa = PBXNativeTarget;
			buildConfigurationList = 061AA437243F7FDA00293BAE /* Build configuration list for PBXNativeTarget "testAR" */;
			buildPhases = (
				061AA414243F7FD900293BAE /* Sources */,
				061AA415243F7FD900293BAE /* Frameworks */,
				061AA416243F7FD900293BAE /* Resources */,
			);
			buildRules = (
			);
			dependencies = (
			);
			name = testAR;
			productName = testAR;
			productReference = 061AA418243F7FD900293BAE /* testAR.app */;
			productType = "com.apple.product-type.application";
		};
		061AA42D243F7FDA00293BAE /* testARTests */ = {
			isa = PBXNativeTarget;
			buildConfigurationList = 061AA43A243F7FDA00293BAE /* Build configuration list for PBXNativeTarget "testARTests" */;
			buildPhases = (
				061AA42A243F7FDA00293BAE /* Sources */,
				061AA42B243F7FDA00293BAE /* Frameworks */,
				061AA42C243F7FDA00293BAE /* Resources */,
			);
			buildRules = (
			);
			dependencies = (
				061AA430243F7FDA00293BAE /* PBXTargetDependency */,
			);
			name = testARTests;
			productName = testARTests;
			productReference = 061AA42E243F7FDA00293BAE /* testARTests.xctest */;
			productType = "com.apple.product-type.bundle.unit-test";
		};
/* End PBXNativeTarget section */

/* Begin PBXProject section */
		061AA410243F7FD900293BAE /* Project object */ = {
			isa = PBXProject;
			attributes = {
				LastSwiftUpdateCheck = 1140;
				LastUpgradeCheck = 1140;
				ORGANIZATIONNAME = "Hugo Lefrant";
				TargetAttributes = {
					061AA417243F7FD900293BAE = {
						CreatedOnToolsVersion = 11.4;
					};
					061AA42D243F7FDA00293BAE = {
						CreatedOnToolsVersion = 11.4;
						TestTargetID = 061AA417243F7FD900293BAE;
					};
				};
			};
			buildConfigurationList = 061AA413243F7FD900293BAE /* Build configuration list for PBXProject "testAR" */;
			compatibilityVersion = "Xcode 9.3";
			developmentRegion = en;
			hasScannedForEncodings = 0;
			knownRegions = (
				en,
				Base,
			);
			mainGroup = 061AA40F243F7FD900293BAE;
			productRefGroup = 061AA419243F7FD900293BAE /* Products */;
			projectDirPath = "";
			projectRoot = "";
			targets = (
				061AA417243F7FD900293BAE /* testAR */,
				061AA42D243F7FDA00293BAE /* testARTests */,
			);
		};
/* End PBXProject section */

/* Begin PBXResourcesBuildPhase section */
		061AA416243F7FD900293BAE /* Resources */ = {
			isa = PBXResourcesBuildPhase;
			buildActionMask = 2147483647;
			files = (
				061AA41E243F7FD900293BAE /* art.scnassets in Resources */,
				061AA428243F7FDA00293BAE /* LaunchScreen.storyboard in Resources */,
				0684CB0624446B8000835F03 /* README.md in Resources */,
				061AA425243F7FDA00293BAE /* Assets.xcassets in Resources */,
				061AA423243F7FD900293BAE /* Main.storyboard in Resources */,
			);
			runOnlyForDeploymentPostprocessing = 0;
		};
		061AA42C243F7FDA00293BAE /* Resources */ = {
			isa = PBXResourcesBuildPhase;
			buildActionMask = 2147483647;
			files = (
			);
			runOnlyForDeploymentPostprocessing = 0;
		};
/* End PBXResourcesBuildPhase section */

/* Begin PBXSourcesBuildPhase section */
		061AA414243F7FD900293BAE /* Sources */ = {
			isa = PBXSourcesBuildPhase;
			buildActionMask = 2147483647;
			files = (
				06BDA3D62449F09F000B8CEF /* Tricks.swift in Sources */,
				0684CB0224435A9700835F03 /* ARViewController.swift in Sources */,
				06BDA3D42449DC76000B8CEF /* Colors.swift in Sources */,
				061AA420243F7FD900293BAE /* ViewController.swift in Sources */,
				061AA41C243F7FD900293BAE /* AppDelegate.swift in Sources */,
			);
			runOnlyForDeploymentPostprocessing = 0;
		};
		061AA42A243F7FDA00293BAE /* Sources */ = {
			isa = PBXSourcesBuildPhase;
			buildActionMask = 2147483647;
			files = (
				061AA433243F7FDA00293BAE /* testARTests.swift in Sources */,
			);
			runOnlyForDeploymentPostprocessing = 0;
		};
/* End PBXSourcesBuildPhase section */

/* Begin PBXTargetDependency section */
		061AA430243F7FDA00293BAE /* PBXTargetDependency */ = {
			isa = PBXTargetDependency;
			target = 061AA417243F7FD900293BAE /* testAR */;
			targetProxy = 061AA42F243F7FDA00293BAE /* PBXContainerItemProxy */;
		};
/* End PBXTargetDependency section */

/* Begin PBXVariantGroup section */
		061AA421243F7FD900293BAE /* Main.storyboard */ = {
			isa = PBXVariantGroup;
			children = (
				061AA422243F7FD900293BAE /* Base */,
			);
			name = Main.storyboard;
			sourceTree = "<group>";
		};
		061AA426243F7FDA00293BAE /* LaunchScreen.storyboard */ = {
			isa = PBXVariantGroup;
			children = (
				061AA427243F7FDA00293BAE /* Base */,
			);
			name = LaunchScreen.storyboard;
			sourceTree = "<group>";
		};
/* End PBXVariantGroup section */

/* Begin XCBuildConfiguration section */
		061AA435243F7FDA00293BAE /* Debug */ = {
			isa = XCBuildConfiguration;
			buildSettings = {
				ALWAYS_SEARCH_USER_PATHS = NO;
				CLANG_ANALYZER_NONNULL = YES;
				CLANG_ANALYZER_NUMBER_OBJECT_CONVERSION = YES_AGGRESSIVE;
				CLANG_CXX_LANGUAGE_STANDARD = "gnu++14";
				CLANG_CXX_LIBRARY = "libc++";
				CLANG_ENABLE_MODULES = YES;
				CLANG_ENABLE_OBJC_ARC = YES;
				CLANG_ENABLE_OBJC_WEAK = YES;
				CLANG_WARN_BLOCK_CAPTURE_AUTORELEASING = YES;
				CLANG_WARN_BOOL_CONVERSION = YES;
				CLANG_WARN_COMMA = YES;
				CLANG_WARN_CONSTANT_CONVERSION = YES;
				CLANG_WARN_DEPRECATED_OBJC_IMPLEMENTATIONS = YES;
				CLANG_WARN_DIRECT_OBJC_ISA_USAGE = YES_ERROR;
				CLANG_WARN_DOCUMENTATION_COMMENTS = YES;
				CLANG_WARN_EMPTY_BODY = YES;
				CLANG_WARN_ENUM_CONVERSION = YES;
				CLANG_WARN_INFINITE_RECURSION = YES;
				CLANG_WARN_INT_CONVERSION = YES;
				CLANG_WARN_NON_LITERAL_NULL_CONVERSION = YES;
				CLANG_WARN_OBJC_IMPLICIT_RETAIN_SELF = YES;
				CLANG_WARN_OBJC_LITERAL_CONVERSION = YES;
				CLANG_WARN_OBJC_ROOT_CLASS = YES_ERROR;
				CLANG_WARN_RANGE_LOOP_ANALYSIS = YES;
				CLANG_WARN_STRICT_PROTOTYPES = YES;
				CLANG_WARN_SUSPICIOUS_MOVE = YES;
				CLANG_WARN_UNGUARDED_AVAILABILITY = YES_AGGRESSIVE;
				CLANG_WARN_UNREACHABLE_CODE = YES;
				CLANG_WARN__DUPLICATE_METHOD_MATCH = YES;
				COPY_PHASE_STRIP = NO;
				DEBUG_INFORMATION_FORMAT = dwarf;
				ENABLE_STRICT_OBJC_MSGSEND = YES;
				ENABLE_TESTABILITY = YES;
				GCC_C_LANGUAGE_STANDARD = gnu11;
				GCC_DYNAMIC_NO_PIC = NO;
				GCC_NO_COMMON_BLOCKS = YES;
				GCC_OPTIMIZATION_LEVEL = 0;
				GCC_PREPROCESSOR_DEFINITIONS = (
					"DEBUG=1",
					"$(inherited)",
				);
				GCC_WARN_64_TO_32_BIT_CONVERSION = YES;
				GCC_WARN_ABOUT_RETURN_TYPE = YES_ERROR;
				GCC_WARN_UNDECLARED_SELECTOR = YES;
				GCC_WARN_UNINITIALIZED_AUTOS = YES_AGGRESSIVE;
				GCC_WARN_UNUSED_FUNCTION = YES;
				GCC_WARN_UNUSED_VARIABLE = YES;
				IPHONEOS_DEPLOYMENT_TARGET = 13.4;
				MTL_ENABLE_DEBUG_INFO = INCLUDE_SOURCE;
				MTL_FAST_MATH = YES;
				ONLY_ACTIVE_ARCH = YES;
				SDKROOT = iphoneos;
				SWIFT_ACTIVE_COMPILATION_CONDITIONS = DEBUG;
				SWIFT_OPTIMIZATION_LEVEL = "-Onone";
			};
			name = Debug;
		};
		061AA436243F7FDA00293BAE /* Release */ = {
			isa = XCBuildConfiguration;
			buildSettings = {
				ALWAYS_SEARCH_USER_PATHS = NO;
				CLANG_ANALYZER_NONNULL = YES;
				CLANG_ANALYZER_NUMBER_OBJECT_CONVERSION = YES_AGGRESSIVE;
				CLANG_CXX_LANGUAGE_STANDARD = "gnu++14";
				CLANG_CXX_LIBRARY = "libc++";
				CLANG_ENABLE_MODULES = YES;
				CLANG_ENABLE_OBJC_ARC = YES;
				CLANG_ENABLE_OBJC_WEAK = YES;
				CLANG_WARN_BLOCK_CAPTURE_AUTORELEASING = YES;
				CLANG_WARN_BOOL_CONVERSION = YES;
				CLANG_WARN_COMMA = YES;
				CLANG_WARN_CONSTANT_CONVERSION = YES;
				CLANG_WARN_DEPRECATED_OBJC_IMPLEMENTATIONS = YES;
				CLANG_WARN_DIRECT_OBJC_ISA_USAGE = YES_ERROR;
				CLANG_WARN_DOCUMENTATION_COMMENTS = YES;
				CLANG_WARN_EMPTY_BODY = YES;
				CLANG_WARN_ENUM_CONVERSION = YES;
				CLANG_WARN_INFINITE_RECURSION = YES;
				CLANG_WARN_INT_CONVERSION = YES;
				CLANG_WARN_NON_LITERAL_NULL_CONVERSION = YES;
				CLANG_WARN_OBJC_IMPLICIT_RETAIN_SELF = YES;
				CLANG_WARN_OBJC_LITERAL_CONVERSION = YES;
				CLANG_WARN_OBJC_ROOT_CLASS = YES_ERROR;
				CLANG_WARN_RANGE_LOOP_ANALYSIS = YES;
				CLANG_WARN_STRICT_PROTOTYPES = YES;
				CLANG_WARN_SUSPICIOUS_MOVE = YES;
				CLANG_WARN_UNGUARDED_AVAILABILITY = YES_AGGRESSIVE;
				CLANG_WARN_UNREACHABLE_CODE = YES;
				CLANG_WARN__DUPLICATE_METHOD_MATCH = YES;
				COPY_PHASE_STRIP = NO;
				DEBUG_INFORMATION_FORMAT = "dwarf-with-dsym";
				ENABLE_NS_ASSERTIONS = NO;
				ENABLE_STRICT_OBJC_MSGSEND = YES;
				GCC_C_LANGUAGE_STANDARD = gnu11;
				GCC_NO_COMMON_BLOCKS = YES;
				GCC_WARN_64_TO_32_BIT_CONVERSION = YES;
				GCC_WARN_ABOUT_RETURN_TYPE = YES_ERROR;
				GCC_WARN_UNDECLARED_SELECTOR = YES;
				GCC_WARN_UNINITIALIZED_AUTOS = YES_AGGRESSIVE;
				GCC_WARN_UNUSED_FUNCTION = YES;
				GCC_WARN_UNUSED_VARIABLE = YES;
				IPHONEOS_DEPLOYMENT_TARGET = 13.4;
				MTL_ENABLE_DEBUG_INFO = NO;
				MTL_FAST_MATH = YES;
				SDKROOT = iphoneos;
				SWIFT_COMPILATION_MODE = wholemodule;
				SWIFT_OPTIMIZATION_LEVEL = "-O";
				VALIDATE_PRODUCT = YES;
			};
			name = Release;
		};
		061AA438243F7FDA00293BAE /* Debug */ = {
			isa = XCBuildConfiguration;
			buildSettings = {
				ASSETCATALOG_COMPILER_APPICON_NAME = AppIcon;
				CODE_SIGN_STYLE = Automatic;
				DEVELOPMENT_TEAM = UC97RBW2Y8;
				INFOPLIST_FILE = testAR/Info.plist;
				IPHONEOS_DEPLOYMENT_TARGET = 13.1;
				LD_RUNPATH_SEARCH_PATHS = (
					"$(inherited)",
					"@executable_path/Frameworks",
				);
				PRODUCT_BUNDLE_IDENTIFIER = hl.testAR;
				PRODUCT_NAME = "$(TARGET_NAME)";
				SWIFT_VERSION = 5.0;
				TARGETED_DEVICE_FAMILY = "1,2";
			};
			name = Debug;
		};
		061AA439243F7FDA00293BAE /* Release */ = {
			isa = XCBuildConfiguration;
			buildSettings = {
				ASSETCATALOG_COMPILER_APPICON_NAME = AppIcon;
				CODE_SIGN_STYLE = Automatic;
				DEVELOPMENT_TEAM = UC97RBW2Y8;
				INFOPLIST_FILE = testAR/Info.plist;
				IPHONEOS_DEPLOYMENT_TARGET = 13.1;
				LD_RUNPATH_SEARCH_PATHS = (
					"$(inherited)",
					"@executable_path/Frameworks",
				);
				PRODUCT_BUNDLE_IDENTIFIER = hl.testAR;
				PRODUCT_NAME = "$(TARGET_NAME)";
				SWIFT_VERSION = 5.0;
				TARGETED_DEVICE_FAMILY = "1,2";
			};
			name = Release;
		};
		061AA43B243F7FDA00293BAE /* Debug */ = {
			isa = XCBuildConfiguration;
			buildSettings = {
				ALWAYS_EMBED_SWIFT_STANDARD_LIBRARIES = YES;
				BUNDLE_LOADER = "$(TEST_HOST)";
				CODE_SIGN_STYLE = Automatic;
				INFOPLIST_FILE = testARTests/Info.plist;
				IPHONEOS_DEPLOYMENT_TARGET = 13.4;
				LD_RUNPATH_SEARCH_PATHS = (
					"$(inherited)",
					"@executable_path/Frameworks",
					"@loader_path/Frameworks",
				);
				PRODUCT_BUNDLE_IDENTIFIER = hl.testARTests;
				PRODUCT_NAME = "$(TARGET_NAME)";
				SWIFT_VERSION = 5.0;
				TARGETED_DEVICE_FAMILY = "1,2";
				TEST_HOST = "$(BUILT_PRODUCTS_DIR)/testAR.app/testAR";
			};
			name = Debug;
		};
		061AA43C243F7FDA00293BAE /* Release */ = {
			isa = XCBuildConfiguration;
			buildSettings = {
				ALWAYS_EMBED_SWIFT_STANDARD_LIBRARIES = YES;
				BUNDLE_LOADER = "$(TEST_HOST)";
				CODE_SIGN_STYLE = Automatic;
				INFOPLIST_FILE = testARTests/Info.plist;
				IPHONEOS_DEPLOYMENT_TARGET = 13.4;
				LD_RUNPATH_SEARCH_PATHS = (
					"$(inherited)",
					"@executable_path/Frameworks",
					"@loader_path/Frameworks",
				);
				PRODUCT_BUNDLE_IDENTIFIER = hl.testARTests;
				PRODUCT_NAME = "$(TARGET_NAME)";
				SWIFT_VERSION = 5.0;
				TARGETED_DEVICE_FAMILY = "1,2";
				TEST_HOST = "$(BUILT_PRODUCTS_DIR)/testAR.app/testAR";
			};
			name = Release;
		};
/* End XCBuildConfiguration section */

/* Begin XCConfigurationList section */
		061AA413243F7FD900293BAE /* Build configuration list for PBXProject "testAR" */ = {
			isa = XCConfigurationList;
			buildConfigurations = (
				061AA435243F7FDA00293BAE /* Debug */,
				061AA436243F7FDA00293BAE /* Release */,
			);
			defaultConfigurationIsVisible = 0;
			defaultConfigurationName = Release;
		};
		061AA437243F7FDA00293BAE /* Build configuration list for PBXNativeTarget "testAR" */ = {
			isa = XCConfigurationList;
			buildConfigurations = (
				061AA438243F7FDA00293BAE /* Debug */,
				061AA439243F7FDA00293BAE /* Release */,
			);
			defaultConfigurationIsVisible = 0;
			defaultConfigurationName = Release;
		};
		061AA43A243F7FDA00293BAE /* Build configuration list for PBXNativeTarget "testARTests" */ = {
			isa = XCConfigurationList;
			buildConfigurations = (
				061AA43B243F7FDA00293BAE /* Debug */,
				061AA43C243F7FDA00293BAE /* Release */,
			);
			defaultConfigurationIsVisible = 0;
			defaultConfigurationName = Release;
		};
/* End XCConfigurationList section */
	};
	rootObject = 061AA410243F7FD900293BAE /* Project object */;
}
